
Microsoft Visual Studio Solution File, Format Version 12.00
# Visual Studio 15
VisualStudioVersion = 15.0.27130.2024
MinimumVisualStudioVersion = 10.0.40219.1
Project("{FAE04EC0-301F-11D3-BF4B-00C04F79EFBC}") = "WebApplication2", "WebApplication2\WebApplication2.csproj", "{DD1E11F3-7969-411D-A74B-D4752496BA05}"
EndProject
Global
	GlobalSection(SolutionConfigurationPlatforms) = preSolution
		Debug|Any CPU = Debug|Any CPU
		Release|Any CPU = Release|Any CPU
	EndGlobalSection
	GlobalSection(ProjectConfigurationPlatforms) = postSolution
		{DD1E11F3-7969-411D-A74B-D4752496BA05}.Debug|Any CPU.ActiveCfg = Debug|Any CPU
		{DD1E11F3-7969-411D-A74B-D4752496BA05}.Debug|Any CPU.Build.0 = Debug|Any CPU
		{DD1E11F3-7969-411D-A74B-D4752496BA05}.Release|Any CPU.ActiveCfg = Release|Any CPU
		{DD1E11F3-7969-411D-A74B-D4752496BA05}.Release|Any CPU.Build.0 = Release|Any CPU
	EndGlobalSection
	GlobalSection(SolutionProperties) = preSolution
		HideSolutionNode = FALSE
	EndGlobalSection
	GlobalSection(ExtensibilityGlobals) = postSolution
		SolutionGuid = {BBF1C8DB-BEF6-4A59-B6C4-85BB9A5037D2}
	EndGlobalSection
EndGlobal
